
Microsoft Visual Studio Solution File, Format Version 12.00
# Visual Studio Version 16
VisualStudioVersion = 16.0.30413.136
MinimumVisualStudioVersion = 10.0.40219.1
Project("{FAE04EC0-301F-11D3-BF4B-00C04F79EFBC}") = "StudentDetails", "StudentDetails\StudentDetails.csproj", "{96BDA7A8-9C02-4482-B83B-4383EBD4FA41}"
EndProject
Global
	GlobalSection(SolutionConfigurationPlatforms) = preSolution
		Debug|Any CPU = Debug|Any CPU
		Release|Any CPU = Release|Any CPU
	EndGlobalSection
	GlobalSection(ProjectConfigurationPlatforms) = postSolution
		{96BDA7A8-9C02-4482-B83B-4383EBD4FA41}.Debug|Any CPU.ActiveCfg = Debug|Any CPU
		{96BDA7A8-9C02-4482-B83B-4383EBD4FA41}.Debug|Any CPU.Build.0 = Debug|Any CPU
		{96BDA7A8-9C02-4482-B83B-4383EBD4FA41}.Release|Any CPU.ActiveCfg = Release|Any CPU
		{96BDA7A8-9C02-4482-B83B-4383EBD4FA41}.Release|Any CPU.Build.0 = Release|Any CPU
	EndGlobalSection
	GlobalSection(SolutionProperties) = preSolution
		HideSolutionNode = FALSE
	EndGlobalSection
	GlobalSection(ExtensibilityGlobals) = postSolution
		SolutionGuid = {1B31455A-8073-4410-8E55-CB724692017F}
	EndGlobalSection
EndGlobal
